{
  "version": 4,
  "terraform_version": "1.10.5",
  "serial": 1,
  "lineage": "66be0bee-94b7-8583-d971-fc60740af213",
  "outputs": {},
  "resources": [
    {
      "mode": "managed",
      "type": "aws_eks_cluster",
      "name": "eks",
      "provider": "provider[\"registry.terraform.io/hashicorp/aws\"]",
      "instances": [
        {
          "schema_version": 1,
          "attributes": {
            "access_config": [
              {
                "authentication_mode": "CONFIG_MAP",
                "bootstrap_cluster_creator_admin_permissions": true
              }
            ],
            "arn": "arn:aws:eks:eu-west-2:591690056778:cluster/flytbase-cluster",
            "bootstrap_self_managed_addons": true,
            "certificate_authority": [
              {
                "data": "LS0tLS1CRUdJTiBDRVJUSUZJQ0FURS0tLS0tCk1JSURCVENDQWUyZ0F3SUJBZ0lJUDNISm9UQTNETU13RFFZSktvWklodmNOQVFFTEJRQXdGVEVUTUJFR0ExVUUKQXhNS2EzVmlaWEp1WlhSbGN6QWVGdzB5TlRBek1USXhOelE1TURKYUZ3MHpOVEF6TVRBeE56VTBNREphTUJVeApFekFSQmdOVkJBTVRDbXQxWW1WeWJtVjBaWE13Z2dFaU1BMEdDU3FHU0liM0RRRUJBUVVBQTRJQkR3QXdnZ0VLCkFvSUJBUURqR3BZNWRucHBZQ1Ztams2bHNzVUdOSCtBbDFYbTJ1ekswc3RUT2pJa2kxTDRocXRpVXdwUkVsRkUKOG44K1dIQzZzb0VwenBJVkI4UDRiKzB5TlVoVVc3aENjeXdLZ2ZIckQrTlllTUpERHpsOHltbnNTRVRkS1VEeQpLZnZSbFpKaHEvcDVweFRvemVQR09icW9GNldZUTUvN21naDVkUDBZVm4zSkxJV01xSndkRXpTbG5UUHdwL3BpCnBaQUlqY05ZZmgvS1N0anRyVkNmQXdXL2NRV1pEUnB4ckhMRnhvRHZBY25GTGcwKzlVU3cwNVRJSlpWL01UQ0YKOTRTdWgrQjhKSEgvTS8vN0J5WlFrZjNCbUtKQlhtYU9pL1N3MGh6Q2VJYjdIc2t6enNRQVhFeDdkbURqcXRvQgpoM0xsU3RJRzE0a3NFcUp1R2xSZzF5dExqL1g1QWdNQkFBR2pXVEJYTUE0R0ExVWREd0VCL3dRRUF3SUNwREFQCkJnTlZIUk1CQWY4RUJUQURBUUgvTUIwR0ExVWREZ1FXQkJSdU5hZ3pzY3pxMy9BellReTNEQ014Mi93WG5EQVYKQmdOVkhSRUVEakFNZ2dwcmRXSmxjbTVsZEdWek1BMEdDU3FHU0liM0RRRUJDd1VBQTRJQkFRQzZYTU1IM2tBRQpxNStIWFo2YTArNm43dXh0TERnNjNNMURicDFtUjFOQndtWU93WlhsMVI4Z3pXbmVud0haNnFPV250ZmhsTGgzCjh5aEJDUXBjRUljVkFxMVNZVHU3WHJUMTZEbU5ucXNHMmQ0OS90NkV3dEd1WlJtdVpJTFBOb05WZVdJQmJzNUQKWkNvNWpmbTZyRnE4cWNhQXJYL3M2VTFaci9kVnpWbHJ0a1A2NWVEbTB1V1FxVW9PL291ZnpUcVQ4RkxiTStRRgp5bTcvdTVxL2EvcVJ5QjMyR01OSGlhS3YxL3FnSzE5SCtVeS9JbU51dFJzNGZTTmhheUNhMXM2YVBVTnVqQ3RvCkZKMm5aVU82UUZvWGRZTkEzUUxwaExFQkx6bFJoNzJXNUQ3OW9PeWpkOFJUNkZpSkpncWx2R1ZLY1FFdmJGOW8KTFdUVVN4enhJdmYvCi0tLS0tRU5EIENFUlRJRklDQVRFLS0tLS0K"
              }
            ],
            "cluster_id": null,
            "compute_config": [],
            "created_at": "2025-03-12T17:49:24Z",
            "enabled_cluster_log_types": null,
            "encryption_config": [],
            "endpoint": "https://1867B79056B46A3E83971A79F44CB1F8.gr7.eu-west-2.eks.amazonaws.com",
            "id": "flytbase-cluster",
            "identity": [
              {
                "oidc": [
                  {
                    "issuer": "https://oidc.eks.eu-west-2.amazonaws.com/id/1867B79056B46A3E83971A79F44CB1F8"
                  }
                ]
              }
            ],
            "kubernetes_network_config": [
              {
                "elastic_load_balancing": [
                  {
                    "enabled": false
                  }
                ],
                "ip_family": "ipv4",
                "service_ipv4_cidr": "172.20.0.0/16",
                "service_ipv6_cidr": ""
              }
            ],
            "name": "flytbase-cluster",
            "outpost_config": [],
            "platform_version": "eks.20",
            "remote_network_config": [],
            "role_arn": "arn:aws:iam::591690056778:role/eks-cluster-role",
            "status": "ACTIVE",
            "storage_config": [],
            "tags": null,
            "tags_all": {},
            "timeouts": null,
            "upgrade_policy": [
              {
                "support_type": "EXTENDED"
              }
            ],
            "version": "1.31",
            "vpc_config": [
              {
                "cluster_security_group_id": "sg-0906d5d26d448cd48",
                "endpoint_private_access": false,
                "endpoint_public_access": true,
                "public_access_cidrs": [
                  "0.0.0.0/0"
                ],
                "security_group_ids": null,
                "subnet_ids": [
                  "subnet-027e9bf6f30c6cd2f",
                  "subnet-06abe92080328b6ae"
                ],
                "vpc_id": "vpc-0133ece9ff7e0c17a"
              }
            ],
            "zonal_shift_config": []
          },
          "sensitive_attributes": [],
          "private": "eyJlMmJmYjczMC1lY2FhLTExZTYtOGY4OC0zNDM2M2JjN2M0YzAiOnsiY3JlYXRlIjoxODAwMDAwMDAwMDAwLCJkZWxldGUiOjkwMDAwMDAwMDAwMCwidXBkYXRlIjozNjAwMDAwMDAwMDAwfSwic2NoZW1hX3ZlcnNpb24iOiIxIn0="
        }
      ]
    }
  ],
  "check_results": null
}
